// !$*UTF8*$!
{
	archiveVersion = 1;
	classes = {
	};
	objectVersion = 46;
	objects = {

/* Begin PBXBuildFile section */
		FBCF0F361E0280470003730C /* main.m in Sources */ = {isa = PBXBuildFile; fileRef = FBCF0F351E0280470003730C /* main.m */; };
		FBCF0F391E0280470003730C /* AppDelegate.m in Sources */ = {isa = PBXBuildFile; fileRef = FBCF0F381E0280470003730C /* AppDelegate.m */; };
		FBCF0F3C1E0280470003730C /* ViewController.m in Sources */ = {isa = PBXBuildFile; fileRef = FBCF0F3B1E0280470003730C /* ViewController.m */; };
		FBCF0F3F1E0280470003730C /* Main.storyboard in Resources */ = {isa = PBXBuildFile; fileRef = FBCF0F3D1E0280470003730C /* Main.storyboard */; };
		FBCF0F411E0280470003730C /* Assets.xcassets in Resources */ = {isa = PBXBuildFile; fileRef = FBCF0F401E0280470003730C /* Assets.xcassets */; };
		FBCF0F441E0280470003730C /* LaunchScreen.storyboard in Resources */ = {isa = PBXBuildFile; fileRef = FBCF0F421E0280470003730C /* LaunchScreen.storyboard */; };
/* End PBXBuildFile section */

/* Begin PBXFileReference section */
		FBCF0F311E0280470003730C /* CollectionViewS.app */ = {isa = PBXFileReference; explicitFileType = wrapper.application; includeInIndex = 0; path = CollectionViewS.app; sourceTree = BUILT_PRODUCTS_DIR; };
		FBCF0F351E0280470003730C /* main.m */ = {isa = PBXFileReference; lastKnownFileType = sourcecode.c.objc; path = main.m; sourceTree = "<group>"; };
		FBCF0F371E0280470003730C /* AppDelegate.h */ = {isa = PBXFileReference; lastKnownFileType = sourcecode.c.h; path = AppDelegate.h; sourceTree = "<group>"; };
		FBCF0F381E0280470003730C /* AppDelegate.m */ = {isa = PBXFileReference; lastKnownFileType = sourcecode.c.objc; path = AppDelegate.m; sourceTree = "<group>"; };
		FBCF0F3A1E0280470003730C /* ViewController.h */ = {isa = PBXFileReference; lastKnownFileType = sourcecode.c.h; path = ViewController.h; sourceTree = "<group>"; };
		FBCF0F3B1E0280470003730C /* ViewController.m */ = {isa = PBXFileReference; lastKnownFileType = sourcecode.c.objc; path = ViewController.m; sourceTree = "<group>"; };
		FBCF0F3E1E0280470003730C /* Base */ = {isa = PBXFileReference; lastKnownFileType = file.storyboard; name = Base; path = Base.lproj/Main.storyboard; sourceTree = "<group>"; };
		FBCF0F401E0280470003730C /* Assets.xcassets */ = {isa = PBXFileReference; lastKnownFileType = folder.assetcatalog; path = Assets.xcassets; sourceTree = "<group>"; };
		FBCF0F431E0280470003730C /* Base */ = {isa = PBXFileReference; lastKnownFileType = file.storyboard; name = Base; path = Base.lproj/LaunchScreen.storyboard; sourceTree = "<group>"; };
		FBCF0F451E0280470003730C /* Info.plist */ = {isa = PBXFileReference; lastKnownFileType = text.plist.xml; path = Info.plist; sourceTree = "<group>"; };
/* End PBXFileReference section */

/* Begin PBXFrameworksBuildPhase section */
		FBCF0F2E1E0280470003730C /* Frameworks */ = {
			isa = PBXFrameworksBuildPhase;
			buildActionMask = 2147483647;
			files = (
			);
			runOnlyForDeploymentPostprocessing = 0;
		};
/* End PBXFrameworksBuildPhase section */

/* Begin PBXGroup section */
		FBCF0F281E0280470003730C = {
			isa = PBXGroup;
			children = (
				FBCF0F331E0280470003730C /* CollectionViewS */,
				FBCF0F321E0280470003730C /* Products */,
			);
			sourceTree = "<group>";
		};
		FBCF0F321E0280470003730C /* Products */ = {
			isa = PBXGroup;
			children = (
				FBCF0F311E0280470003730C /* CollectionViewS.app */,
			);
			name = Products;
			sourceTree = "<group>";
		};
		FBCF0F331E0280470003730C /* CollectionViewS */ = {
			isa = PBXGroup;
			children = (
				FBCF0F371E0280470003730C /* AppDelegate.h */,
				FBCF0F381E0280470003730C /* AppDelegate.m */,
				FBCF0F3A1E0280470003730C /* ViewController.h */,
				FBCF0F3B1E0280470003730C /* ViewController.m */,
				FBCF0F3D1E0280470003730C /* Main.storyboard */,
				FBCF0F401E0280470003730C /* Assets.xcassets */,
				FBCF0F421E0280470003730C /* LaunchScreen.storyboard */,
				FBCF0F451E0280470003730C /* Info.plist */,
				FBCF0F341E0280470003730C /* Supporting Files */,
			);
			path = CollectionViewS;
			sourceTree = "<group>";
		};
		FBCF0F341E0280470003730C /* Supporting Files */ = {
			isa = PBXGroup;
			children = (
				FBCF0F351E0280470003730C /* main.m */,
			);
			name = "Supporting Files";
			sourceTree = "<group>";
		};
/* End PBXGroup section */

/* Begin PBXNativeTarget section */
		FBCF0F301E0280470003730C /* CollectionViewS */ = {
			isa = PBXNativeTarget;
			buildConfigurationList = FBCF0F481E0280470003730C /* Build configuration list for PBXNativeTarget "CollectionViewS" */;
			buildPhases = (
				FBCF0F2D1E0280470003730C /* Sources */,
				FBCF0F2E1E0280470003730C /* Frameworks */,
				FBCF0F2F1E0280470003730C /* Resources */,
			);
			buildRules = (
			);
			dependencies = (
			);
			name = CollectionViewS;
			productName = CollectionViewS;
			productReference = FBCF0F311E0280470003730C /* CollectionViewS.app */;
			productType = "com.apple.product-type.application";
		};
/* End PBXNativeTarget section */

/* Begin PBXProject section */
		FBCF0F291E0280470003730C /* Project object */ = {
			isa = PBXProject;
			attributes = {
				LastUpgradeCheck = 0810;
				ORGANIZATIONNAME = guozihui;
				TargetAttributes = {
					FBCF0F301E0280470003730C = {
						CreatedOnToolsVersion = 8.1;
						DevelopmentTeam = GTBA3VY927;
						ProvisioningStyle = Automatic;
					};
				};
			};
			buildConfigurationList = FBCF0F2C1E0280470003730C /* Build configuration list for PBXProject "CollectionViewS" */;
			compatibilityVersion = "Xcode 3.2";
			developmentRegion = English;
			hasScannedForEncodings = 0;
			knownRegions = (
				en,
				Base,
			);
			mainGroup = FBCF0F281E0280470003730C;
			productRefGroup = FBCF0F321E0280470003730C /* Products */;
			projectDirPath = "";
			projectRoot = "";
			targets = (
				FBCF0F301E0280470003730C /* CollectionViewS */,
			);
		};
/* End PBXProject section */

/* Begin PBXResourcesBuildPhase section */
		FBCF0F2F1E0280470003730C /* Resources */ = {
			isa = PBXResourcesBuildPhase;
			buildActionMask = 2147483647;
			files = (
				FBCF0F441E0280470003730C /* LaunchScreen.storyboard in Resources */,
				FBCF0F411E0280470003730C /* Assets.xcassets in Resources */,
				FBCF0F3F1E0280470003730C /* Main.storyboard in Resources */,
			);
			runOnlyForDeploymentPostprocessing = 0;
		};
/* End PBXResourcesBuildPhase section */

/* Begin PBXSourcesBuildPhase section */
		FBCF0F2D1E0280470003730C /* Sources */ = {
			isa = PBXSourcesBuildPhase;
			buildActionMask = 2147483647;
			files = (
				FBCF0F3C1E0280470003730C /* ViewController.m in Sources */,
				FBCF0F391E0280470003730C /* AppDelegate.m in Sources */,
				FBCF0F361E0280470003730C /* main.m in Sources */,
			);
			runOnlyForDeploymentPostprocessing = 0;
		};
/* End PBXSourcesBuildPhase section */

/* Begin PBXVariantGroup section */
		FBCF0F3D1E0280470003730C /* Main.storyboard */ = {
			isa = PBXVariantGroup;
			children = (
				FBCF0F3E1E0280470003730C /* Base */,
			);
			name = Main.storyboard;
			sourceTree = "<group>";
		};
		FBCF0F421E0280470003730C /* LaunchScreen.storyboard */ = {
			isa = PBXVariantGroup;
			children = (
				FBCF0F431E0280470003730C /* Base */,
			);
			name = LaunchScreen.storyboard;
			sourceTree = "<group>";
		};
/* End PBXVariantGroup section */

/* Begin XCBuildConfiguration section */
		FBCF0F461E0280470003730C /* Debug */ = {
			isa = XCBuildConfiguration;
			buildSettings = {
				ALWAYS_SEARCH_USER_PATHS = NO;
				CLANG_ANALYZER_NONNULL = YES;
				CLANG_CXX_LANGUAGE_STANDARD = "gnu++0x";
				CLANG_CXX_LIBRARY = "libc++";
				CLANG_ENABLE_MODULES = YES;
				CLANG_ENABLE_OBJC_ARC = YES;
				CLANG_WARN_BOOL_CONVERSION = YES;
				CLANG_WARN_CONSTANT_CONVERSION = YES;
				CLANG_WARN_DIRECT_OBJC_ISA_USAGE = YES_ERROR;
				CLANG_WARN_DOCUMENTATION_COMMENTS = YES;
				CLANG_WARN_EMPTY_BODY = YES;
				CLANG_WARN_ENUM_CONVERSION = YES;
				CLANG_WARN_INFINITE_RECURSION = YES;
				CLANG_WARN_INT_CONVERSION = YES;
				CLANG_WARN_OBJC_ROOT_CLASS = YES_ERROR;
				CLANG_WARN_SUSPICIOUS_MOVES = YES;
				CLANG_WARN_UNREACHABLE_CODE = YES;
				CLANG_WARN__DUPLICATE_METHOD_MATCH = YES;
				"CODE_SIGN_IDENTITY[sdk=iphoneos*]" = "iPhone Developer";
				COPY_PHASE_STRIP = NO;
				DEBUG_INFORMATION_FORMAT = dwarf;
				ENABLE_STRICT_OBJC_MSGSEND = YES;
				ENABLE_TESTABILITY = YES;
				GCC_C_LANGUAGE_STANDARD = gnu99;
				GCC_DYNAMIC_NO_PIC = NO;
				GCC_NO_COMMON_BLOCKS = YES;
				GCC_OPTIMIZATION_LEVEL = 0;
				GCC_PREPROCESSOR_DEFINITIONS = (
					"DEBUG=1",
					"$(inherited)",
				);
				GCC_WARN_64_TO_32_BIT_CONVERSION = YES;
				GCC_WARN_ABOUT_RETURN_TYPE = YES_ERROR;
				GCC_WARN_UNDECLARED_SELECTOR = YES;
				GCC_WARN_UNINITIALIZED_AUTOS = YES_AGGRESSIVE;
				GCC_WARN_UNUSED_FUNCTION = YES;
				GCC_WARN_UNUSED_VARIABLE = YES;
				IPHONEOS_DEPLOYMENT_TARGET = 10.1;
				MTL_ENABLE_DEBUG_INFO = YES;
				ONLY_ACTIVE_ARCH = YES;
				SDKROOT = iphoneos;
				TARGETED_DEVICE_FAMILY = "1,2";
			};
			name = Debug;
		};
		FBCF0F471E0280470003730C /* Release */ = {
			isa = XCBuildConfiguration;
			buildSettings = {
				ALWAYS_SEARCH_USER_PATHS = NO;
				CLANG_ANALYZER_NONNULL = YES;
				CLANG_CXX_LANGUAGE_STANDARD = "gnu++0x";
				CLANG_CXX_LIBRARY = "libc++";
				CLANG_ENABLE_MODULES = YES;
				CLANG_ENABLE_OBJC_ARC = YES;
				CLANG_WARN_BOOL_CONVERSION = YES;
				CLANG_WARN_CONSTANT_CONVERSION = YES;
				CLANG_WARN_DIRECT_OBJC_ISA_USAGE = YES_ERROR;
				CLANG_WARN_DOCUMENTATION_COMMENTS = YES;
				CLANG_WARN_EMPTY_BODY = YES;
				CLANG_WARN_ENUM_CONVERSION = YES;
				CLANG_WARN_INFINITE_RECURSION = YES;
				CLANG_WARN_INT_CONVERSION = YES;
				CLANG_WARN_OBJC_ROOT_CLASS = YES_ERROR;
				CLANG_WARN_SUSPICIOUS_MOVES = YES;
				CLANG_WARN_UNREACHABLE_CODE = YES;
				CLANG_WARN__DUPLICATE_METHOD_MATCH = YES;
				"CODE_SIGN_IDENTITY[sdk=iphoneos*]" = "iPhone Developer";
				COPY_PHASE_STRIP = NO;
				DEBUG_INFORMATION_FORMAT = "dwarf-with-dsym";
				ENABLE_NS_ASSERTIONS = NO;
				ENABLE_STRICT_OBJC_MSGSEND = YES;
				GCC_C_LANGUAGE_STANDARD = gnu99;
				GCC_NO_COMMON_BLOCKS = YES;
				GCC_WARN_64_TO_32_BIT_CONVERSION = YES;
				GCC_WARN_ABOUT_RETURN_TYPE = YES_ERROR;
				GCC_WARN_UNDECLARED_SELECTOR = YES;
				GCC_WARN_UNINITIALIZED_AUTOS = YES_AGGRESSIVE;
				GCC_WARN_UNUSED_FUNCTION = YES;
				GCC_WARN_UNUSED_VARIABLE = YES;
				IPHONEOS_DEPLOYMENT_TARGET = 10.1;
				MTL_ENABLE_DEBUG_INFO = NO;
				SDKROOT = iphoneos;
				TARGETED_DEVICE_FAMILY = "1,2";
				VALIDATE_PRODUCT = YES;
			};
			name = Release;
		};
		FBCF0F491E0280470003730C /* Debug */ = {
			isa = XCBuildConfiguration;
			buildSettings = {
				ASSETCATALOG_COMPILER_APPICON_NAME = AppIcon;
				DEVELOPMENT_TEAM = GTBA3VY927;
				INFOPLIST_FILE = CollectionViewS/Info.plist;
				LD_RUNPATH_SEARCH_PATHS = "$(inherited) @executable_path/Frameworks";
				PRODUCT_BUNDLE_IDENTIFIER = guozihui.CollectionViewS;
				PRODUCT_NAME = "$(TARGET_NAME)";
			};
			name = Debug;
		};
		FBCF0F4A1E0280470003730C /* Release */ = {
			isa = XCBuildConfiguration;
			buildSettings = {
				ASSETCATALOG_COMPILER_APPICON_NAME = AppIcon;
				DEVELOPMENT_TEAM = GTBA3VY927;
				INFOPLIST_FILE = CollectionViewS/Info.plist;
				LD_RUNPATH_SEARCH_PATHS = "$(inherited) @executable_path/Frameworks";
				PRODUCT_BUNDLE_IDENTIFIER = guozihui.CollectionViewS;
				PRODUCT_NAME = "$(TARGET_NAME)";
			};
			name = Release;
		};
/* End XCBuildConfiguration section */

/* Begin XCConfigurationList section */
		FBCF0F2C1E0280470003730C /* Build configuration list for PBXProject "CollectionViewS" */ = {
			isa = XCConfigurationList;
			buildConfigurations = (
				FBCF0F461E0280470003730C /* Debug */,
				FBCF0F471E0280470003730C /* Release */,
			);
			defaultConfigurationIsVisible = 0;
			defaultConfigurationName = Release;
		};
		FBCF0F481E0280470003730C /* Build configuration list for PBXNativeTarget "CollectionViewS" */ = {
			isa = XCConfigurationList;
			buildConfigurations = (
				FBCF0F491E0280470003730C /* Debug */,
				FBCF0F4A1E0280470003730C /* Release */,
			);
			defaultConfigurationIsVisible = 0;
		};
/* End XCConfigurationList section */
	};
	rootObject = FBCF0F291E0280470003730C /* Project object */;
}
